
Microsoft Visual Studio Solution File, Format Version 12.00
# Visual Studio 15
VisualStudioVersion = 15.0.28307.102
MinimumVisualStudioVersion = 10.0.40219.1
Project("{FAE04EC0-301F-11D3-BF4B-00C04F79EFBC}") = "ConsoleTopClient", "ConsoleTopClient\ConsoleTopClient.csproj", "{0FF8D342-D008-46B2-A823-1D417DC0A0F8}"
EndProject
Project("{FAE04EC0-301F-11D3-BF4B-00C04F79EFBC}") = "ConsoleTcpServer", "ConsoleTcpServer\ConsoleTcpServer.csproj", "{EE227CAD-593B-4585-817F-C83296AD03C5}"
EndProject
Global
	GlobalSection(SolutionConfigurationPlatforms) = preSolution
		Debug|Any CPU = Debug|Any CPU
		Release|Any CPU = Release|Any CPU
	EndGlobalSection
	GlobalSection(ProjectConfigurationPlatforms) = postSolution
		{0FF8D342-D008-46B2-A823-1D417DC0A0F8}.Debug|Any CPU.ActiveCfg = Debug|Any CPU
		{0FF8D342-D008-46B2-A823-1D417DC0A0F8}.Debug|Any CPU.Build.0 = Debug|Any CPU
		{0FF8D342-D008-46B2-A823-1D417DC0A0F8}.Release|Any CPU.ActiveCfg = Release|Any CPU
		{0FF8D342-D008-46B2-A823-1D417DC0A0F8}.Release|Any CPU.Build.0 = Release|Any CPU
		{EE227CAD-593B-4585-817F-C83296AD03C5}.Debug|Any CPU.ActiveCfg = Debug|Any CPU
		{EE227CAD-593B-4585-817F-C83296AD03C5}.Debug|Any CPU.Build.0 = Debug|Any CPU
		{EE227CAD-593B-4585-817F-C83296AD03C5}.Release|Any CPU.ActiveCfg = Release|Any CPU
		{EE227CAD-593B-4585-817F-C83296AD03C5}.Release|Any CPU.Build.0 = Release|Any CPU
	EndGlobalSection
	GlobalSection(SolutionProperties) = preSolution
		HideSolutionNode = FALSE
	EndGlobalSection
	GlobalSection(ExtensibilityGlobals) = postSolution
		SolutionGuid = {F6FD5E2E-C857-4F2E-870C-2AA30FCED077}
	EndGlobalSection
EndGlobal
